// !$*UTF8*$!
{
	archiveVersion = 1;
	classes = {
	};
	objectVersion = 55;
	objects = {

/* Begin PBXBuildFile section */
		CF8ADD542865B56E003D1CD7 /* MainHeaderView.swift in Sources */ = {isa = PBXBuildFile; fileRef = CF8ADD532865B56E003D1CD7 /* MainHeaderView.swift */; };
		CF8ADD562865D474003D1CD7 /* MusicPlayer.swift in Sources */ = {isa = PBXBuildFile; fileRef = CF8ADD552865D474003D1CD7 /* MusicPlayer.swift */; };
		CF8ADD582865F49E003D1CD7 /* NavigationController.swift in Sources */ = {isa = PBXBuildFile; fileRef = CF8ADD572865F49E003D1CD7 /* NavigationController.swift */; };
		CF8ADD6028662D71003D1CD7 /* MainViewCell.swift in Sources */ = {isa = PBXBuildFile; fileRef = CF8ADD5F28662D71003D1CD7 /* MainViewCell.swift */; };
		CF96246E285B0B8900E577D4 /* AppDelegate.swift in Sources */ = {isa = PBXBuildFile; fileRef = CF96246D285B0B8900E577D4 /* AppDelegate.swift */; };
		CF962470285B0B8900E577D4 /* SceneDelegate.swift in Sources */ = {isa = PBXBuildFile; fileRef = CF96246F285B0B8900E577D4 /* SceneDelegate.swift */; };
		CF962472285B0B8900E577D4 /* MainViewController.swift in Sources */ = {isa = PBXBuildFile; fileRef = CF962471285B0B8900E577D4 /* MainViewController.swift */; };
		CF962475285B0B8900E577D4 /* Main.storyboard in Resources */ = {isa = PBXBuildFile; fileRef = CF962473285B0B8900E577D4 /* Main.storyboard */; };
		CF962477285B0B8B00E577D4 /* Assets.xcassets in Resources */ = {isa = PBXBuildFile; fileRef = CF962476285B0B8B00E577D4 /* Assets.xcassets */; };
		CF96247A285B0B8B00E577D4 /* LaunchScreen.storyboard in Resources */ = {isa = PBXBuildFile; fileRef = CF962478285B0B8B00E577D4 /* LaunchScreen.storyboard */; };
		CF96248C285B27D800E577D4 /* Play.storyboard in Resources */ = {isa = PBXBuildFile; fileRef = CF96248B285B27D800E577D4 /* Play.storyboard */; };
		CF96248E285B280400E577D4 /* PlayViewController.swift in Sources */ = {isa = PBXBuildFile; fileRef = CF96248D285B280400E577D4 /* PlayViewController.swift */; };
		CF962491285B461E00E577D4 /* MusicManager.swift in Sources */ = {isa = PBXBuildFile; fileRef = CF962490285B461E00E577D4 /* MusicManager.swift */; };
		CF962499285B4C2C00E577D4 /* song_3.mp3 in Resources */ = {isa = PBXBuildFile; fileRef = CF962493285B4C2900E577D4 /* song_3.mp3 */; };
		CF96249A285B4C2C00E577D4 /* song_4.mp3 in Resources */ = {isa = PBXBuildFile; fileRef = CF962494285B4C2A00E577D4 /* song_4.mp3 */; };
		CF96249B285B4C2C00E577D4 /* song_1.mp3 in Resources */ = {isa = PBXBuildFile; fileRef = CF962495285B4C2A00E577D4 /* song_1.mp3 */; };
		CF96249C285B4C2C00E577D4 /* song_2.mp3 in Resources */ = {isa = PBXBuildFile; fileRef = CF962496285B4C2B00E577D4 /* song_2.mp3 */; };
		CF96249D285B4C2C00E577D4 /* song_6.mp3 in Resources */ = {isa = PBXBuildFile; fileRef = CF962497285B4C2B00E577D4 /* song_6.mp3 */; };
		CF96249E285B4C2C00E577D4 /* song_5.mp3 in Resources */ = {isa = PBXBuildFile; fileRef = CF962498285B4C2C00E577D4 /* song_5.mp3 */; };
		CF9624A0285B4C8A00E577D4 /* MusicModel.swift in Sources */ = {isa = PBXBuildFile; fileRef = CF96249F285B4C8A00E577D4 /* MusicModel.swift */; };
		CF9624A3285B598C00E577D4 /* AVExtension.swift in Sources */ = {isa = PBXBuildFile; fileRef = CF9624A2285B598C00E577D4 /* AVExtension.swift */; };
/* End PBXBuildFile section */

/* Begin PBXFileReference section */
		CF8ADD532865B56E003D1CD7 /* MainHeaderView.swift */ = {isa = PBXFileReference; lastKnownFileType = sourcecode.swift; path = MainHeaderView.swift; sourceTree = "<group>"; };
		CF8ADD552865D474003D1CD7 /* MusicPlayer.swift */ = {isa = PBXFileReference; lastKnownFileType = sourcecode.swift; path = MusicPlayer.swift; sourceTree = "<group>"; };
		CF8ADD572865F49E003D1CD7 /* NavigationController.swift */ = {isa = PBXFileReference; lastKnownFileType = sourcecode.swift; path = NavigationController.swift; sourceTree = "<group>"; };
		CF8ADD5F28662D71003D1CD7 /* MainViewCell.swift */ = {isa = PBXFileReference; fileEncoding = 4; lastKnownFileType = sourcecode.swift; path = MainViewCell.swift; sourceTree = "<group>"; };
		CF96246A285B0B8900E577D4 /* Musik.app */ = {isa = PBXFileReference; explicitFileType = wrapper.application; includeInIndex = 0; path = Musik.app; sourceTree = BUILT_PRODUCTS_DIR; };
		CF96246D285B0B8900E577D4 /* AppDelegate.swift */ = {isa = PBXFileReference; lastKnownFileType = sourcecode.swift; path = AppDelegate.swift; sourceTree = "<group>"; };
		CF96246F285B0B8900E577D4 /* SceneDelegate.swift */ = {isa = PBXFileReference; lastKnownFileType = sourcecode.swift; path = SceneDelegate.swift; sourceTree = "<group>"; };
		CF962471285B0B8900E577D4 /* MainViewController.swift */ = {isa = PBXFileReference; lastKnownFileType = sourcecode.swift; path = MainViewController.swift; sourceTree = "<group>"; };
		CF962474285B0B8900E577D4 /* Base */ = {isa = PBXFileReference; lastKnownFileType = file.storyboard; name = Base; path = Base.lproj/Main.storyboard; sourceTree = "<group>"; };
		CF962476285B0B8B00E577D4 /* Assets.xcassets */ = {isa = PBXFileReference; lastKnownFileType = folder.assetcatalog; path = Assets.xcassets; sourceTree = "<group>"; };
		CF962479285B0B8B00E577D4 /* Base */ = {isa = PBXFileReference; lastKnownFileType = file.storyboard; name = Base; path = Base.lproj/LaunchScreen.storyboard; sourceTree = "<group>"; };
		CF96247B285B0B8B00E577D4 /* Info.plist */ = {isa = PBXFileReference; lastKnownFileType = text.plist.xml; path = Info.plist; sourceTree = "<group>"; };
		CF96248B285B27D800E577D4 /* Play.storyboard */ = {isa = PBXFileReference; lastKnownFileType = file.storyboard; path = Play.storyboard; sourceTree = "<group>"; };
		CF96248D285B280400E577D4 /* PlayViewController.swift */ = {isa = PBXFileReference; lastKnownFileType = sourcecode.swift; path = PlayViewController.swift; sourceTree = "<group>"; };
		CF962490285B461E00E577D4 /* MusicManager.swift */ = {isa = PBXFileReference; lastKnownFileType = sourcecode.swift; path = MusicManager.swift; sourceTree = "<group>"; };
		CF962493285B4C2900E577D4 /* song_3.mp3 */ = {isa = PBXFileReference; lastKnownFileType = audio.mp3; path = song_3.mp3; sourceTree = "<group>"; };
		CF962494285B4C2A00E577D4 /* song_4.mp3 */ = {isa = PBXFileReference; lastKnownFileType = audio.mp3; path = song_4.mp3; sourceTree = "<group>"; };
		CF962495285B4C2A00E577D4 /* song_1.mp3 */ = {isa = PBXFileReference; lastKnownFileType = audio.mp3; path = song_1.mp3; sourceTree = "<group>"; };
		CF962496285B4C2B00E577D4 /* song_2.mp3 */ = {isa = PBXFileReference; lastKnownFileType = audio.mp3; path = song_2.mp3; sourceTree = "<group>"; };
		CF962497285B4C2B00E577D4 /* song_6.mp3 */ = {isa = PBXFileReference; lastKnownFileType = audio.mp3; path = song_6.mp3; sourceTree = "<group>"; };
		CF962498285B4C2C00E577D4 /* song_5.mp3 */ = {isa = PBXFileReference; lastKnownFileType = audio.mp3; path = song_5.mp3; sourceTree = "<group>"; };
		CF96249F285B4C8A00E577D4 /* MusicModel.swift */ = {isa = PBXFileReference; lastKnownFileType = sourcecode.swift; path = MusicModel.swift; sourceTree = "<group>"; };
		CF9624A2285B598C00E577D4 /* AVExtension.swift */ = {isa = PBXFileReference; lastKnownFileType = sourcecode.swift; path = AVExtension.swift; sourceTree = "<group>"; };
/* End PBXFileReference section */

/* Begin PBXFrameworksBuildPhase section */
		CF962467285B0B8900E577D4 /* Frameworks */ = {
			isa = PBXFrameworksBuildPhase;
			buildActionMask = 2147483647;
			files = (
			);
			runOnlyForDeploymentPostprocessing = 0;
		};
/* End PBXFrameworksBuildPhase section */

/* Begin PBXGroup section */
		CF962461285B0B8900E577D4 = {
			isa = PBXGroup;
			children = (
				CF96246C285B0B8900E577D4 /* Musik */,
				CF96246B285B0B8900E577D4 /* Products */,
			);
			sourceTree = "<group>";
		};
		CF96246B285B0B8900E577D4 /* Products */ = {
			isa = PBXGroup;
			children = (
				CF96246A285B0B8900E577D4 /* Musik.app */,
			);
			name = Products;
			sourceTree = "<group>";
		};
		CF96246C285B0B8900E577D4 /* Musik */ = {
			isa = PBXGroup;
			children = (
				CF9624A4285B5A6500E577D4 /* Model */,
				CF9624A1285B597100E577D4 /* Extension */,
				CF962492285B4C1000E577D4 /* Resources */,
				CF96248F285B37C100E577D4 /* Music */,
				CF962485285B266200E577D4 /* Main */,
				CF96248A285B27B400E577D4 /* Play */,
				CF96246D285B0B8900E577D4 /* AppDelegate.swift */,
				CF96246F285B0B8900E577D4 /* SceneDelegate.swift */,
				CF8ADD572865F49E003D1CD7 /* NavigationController.swift */,
				CF962476285B0B8B00E577D4 /* Assets.xcassets */,
				CF962478285B0B8B00E577D4 /* LaunchScreen.storyboard */,
				CF96247B285B0B8B00E577D4 /* Info.plist */,
			);
			path = Musik;
			sourceTree = "<group>";
		};
		CF962485285B266200E577D4 /* Main */ = {
			isa = PBXGroup;
			children = (
				CF8ADD5F28662D71003D1CD7 /* MainViewCell.swift */,
				CF962473285B0B8900E577D4 /* Main.storyboard */,
				CF962471285B0B8900E577D4 /* MainViewController.swift */,
				CF8ADD532865B56E003D1CD7 /* MainHeaderView.swift */,
			);
			path = Main;
			sourceTree = "<group>";
		};
		CF96248A285B27B400E577D4 /* Play */ = {
			isa = PBXGroup;
			children = (
				CF96248B285B27D800E577D4 /* Play.storyboard */,
				CF96248D285B280400E577D4 /* PlayViewController.swift */,
				CF8ADD552865D474003D1CD7 /* MusicPlayer.swift */,
			);
			path = Play;
			sourceTree = "<group>";
		};
		CF96248F285B37C100E577D4 /* Music */ = {
			isa = PBXGroup;
			children = (
				CF962490285B461E00E577D4 /* MusicManager.swift */,
			);
			path = Music;
			sourceTree = "<group>";
		};
		CF962492285B4C1000E577D4 /* Resources */ = {
			isa = PBXGroup;
			children = (
				CF962495285B4C2A00E577D4 /* song_1.mp3 */,
				CF962496285B4C2B00E577D4 /* song_2.mp3 */,
				CF962493285B4C2900E577D4 /* song_3.mp3 */,
				CF962494285B4C2A00E577D4 /* song_4.mp3 */,
				CF962498285B4C2C00E577D4 /* song_5.mp3 */,
				CF962497285B4C2B00E577D4 /* song_6.mp3 */,
			);
			path = Resources;
			sourceTree = "<group>";
		};
		CF9624A1285B597100E577D4 /* Extension */ = {
			isa = PBXGroup;
			children = (
				CF9624A2285B598C00E577D4 /* AVExtension.swift */,
			);
			path = Extension;
			sourceTree = "<group>";
		};
		CF9624A4285B5A6500E577D4 /* Model */ = {
			isa = PBXGroup;
			children = (
				CF96249F285B4C8A00E577D4 /* MusicModel.swift */,
			);
			path = Model;
			sourceTree = "<group>";
		};
/* End PBXGroup section */

/* Begin PBXNativeTarget section */
		CF962469285B0B8900E577D4 /* Musik */ = {
			isa = PBXNativeTarget;
			buildConfigurationList = CF96247E285B0B8B00E577D4 /* Build configuration list for PBXNativeTarget "Musik" */;
			buildPhases = (
				CF962466285B0B8900E577D4 /* Sources */,
				CF962467285B0B8900E577D4 /* Frameworks */,
				CF962468285B0B8900E577D4 /* Resources */,
			);
			buildRules = (
			);
			dependencies = (
			);
			name = Musik;
			productName = Musik;
			productReference = CF96246A285B0B8900E577D4 /* Musik.app */;
			productType = "com.apple.product-type.application";
		};
/* End PBXNativeTarget section */

/* Begin PBXProject section */
		CF962462285B0B8900E577D4 /* Project object */ = {
			isa = PBXProject;
			attributes = {
				BuildIndependentTargetsInParallel = 1;
				LastSwiftUpdateCheck = 1340;
				LastUpgradeCheck = 1340;
				TargetAttributes = {
					CF962469285B0B8900E577D4 = {
						CreatedOnToolsVersion = 13.4;
					};
				};
			};
			buildConfigurationList = CF962465285B0B8900E577D4 /* Build configuration list for PBXProject "Musik" */;
			compatibilityVersion = "Xcode 13.0";
			developmentRegion = en;
			hasScannedForEncodings = 0;
			knownRegions = (
				en,
				Base,
			);
			mainGroup = CF962461285B0B8900E577D4;
			productRefGroup = CF96246B285B0B8900E577D4 /* Products */;
			projectDirPath = "";
			projectRoot = "";
			targets = (
				CF962469285B0B8900E577D4 /* Musik */,
			);
		};
/* End PBXProject section */

/* Begin PBXResourcesBuildPhase section */
		CF962468285B0B8900E577D4 /* Resources */ = {
			isa = PBXResourcesBuildPhase;
			buildActionMask = 2147483647;
			files = (
				CF96249C285B4C2C00E577D4 /* song_2.mp3 in Resources */,
				CF962499285B4C2C00E577D4 /* song_3.mp3 in Resources */,
				CF96248C285B27D800E577D4 /* Play.storyboard in Resources */,
				CF96247A285B0B8B00E577D4 /* LaunchScreen.storyboard in Resources */,
				CF962477285B0B8B00E577D4 /* Assets.xcassets in Resources */,
				CF96249E285B4C2C00E577D4 /* song_5.mp3 in Resources */,
				CF96249B285B4C2C00E577D4 /* song_1.mp3 in Resources */,
				CF96249A285B4C2C00E577D4 /* song_4.mp3 in Resources */,
				CF962475285B0B8900E577D4 /* Main.storyboard in Resources */,
				CF96249D285B4C2C00E577D4 /* song_6.mp3 in Resources */,
			);
			runOnlyForDeploymentPostprocessing = 0;
		};
/* End PBXResourcesBuildPhase section */

/* Begin PBXSourcesBuildPhase section */
		CF962466285B0B8900E577D4 /* Sources */ = {
			isa = PBXSourcesBuildPhase;
			buildActionMask = 2147483647;
			files = (
				CF8ADD582865F49E003D1CD7 /* NavigationController.swift in Sources */,
				CF962472285B0B8900E577D4 /* MainViewController.swift in Sources */,
				CF962491285B461E00E577D4 /* MusicManager.swift in Sources */,
				CF9624A3285B598C00E577D4 /* AVExtension.swift in Sources */,
				CF9624A0285B4C8A00E577D4 /* MusicModel.swift in Sources */,
				CF8ADD542865B56E003D1CD7 /* MainHeaderView.swift in Sources */,
				CF96246E285B0B8900E577D4 /* AppDelegate.swift in Sources */,
				CF962470285B0B8900E577D4 /* SceneDelegate.swift in Sources */,
				CF8ADD6028662D71003D1CD7 /* MainViewCell.swift in Sources */,
				CF8ADD562865D474003D1CD7 /* MusicPlayer.swift in Sources */,
				CF96248E285B280400E577D4 /* PlayViewController.swift in Sources */,
			);
			runOnlyForDeploymentPostprocessing = 0;
		};
/* End PBXSourcesBuildPhase section */

/* Begin PBXVariantGroup section */
		CF962473285B0B8900E577D4 /* Main.storyboard */ = {
			isa = PBXVariantGroup;
			children = (
				CF962474285B0B8900E577D4 /* Base */,
			);
			name = Main.storyboard;
			sourceTree = "<group>";
		};
		CF962478285B0B8B00E577D4 /* LaunchScreen.storyboard */ = {
			isa = PBXVariantGroup;
			children = (
				CF962479285B0B8B00E577D4 /* Base */,
			);
			name = LaunchScreen.storyboard;
			sourceTree = "<group>";
		};
/* End PBXVariantGroup section */

/* Begin XCBuildConfiguration section */
		CF96247C285B0B8B00E577D4 /* Debug */ = {
			isa = XCBuildConfiguration;
			buildSettings = {
				ALWAYS_SEARCH_USER_PATHS = NO;
				CLANG_ANALYZER_NONNULL = YES;
				CLANG_ANALYZER_NUMBER_OBJECT_CONVERSION = YES_AGGRESSIVE;
				CLANG_CXX_LANGUAGE_STANDARD = "gnu++17";
				CLANG_ENABLE_MODULES = YES;
				CLANG_ENABLE_OBJC_ARC = YES;
				CLANG_ENABLE_OBJC_WEAK = YES;
				CLANG_WARN_BLOCK_CAPTURE_AUTORELEASING = YES;
				CLANG_WARN_BOOL_CONVERSION = YES;
				CLANG_WARN_COMMA = YES;
				CLANG_WARN_CONSTANT_CONVERSION = YES;
				CLANG_WARN_DEPRECATED_OBJC_IMPLEMENTATIONS = YES;
				CLANG_WARN_DIRECT_OBJC_ISA_USAGE = YES_ERROR;
				CLANG_WARN_DOCUMENTATION_COMMENTS = YES;
				CLANG_WARN_EMPTY_BODY = YES;
				CLANG_WARN_ENUM_CONVERSION = YES;
				CLANG_WARN_INFINITE_RECURSION = YES;
				CLANG_WARN_INT_CONVERSION = YES;
				CLANG_WARN_NON_LITERAL_NULL_CONVERSION = YES;
				CLANG_WARN_OBJC_IMPLICIT_RETAIN_SELF = YES;
				CLANG_WARN_OBJC_LITERAL_CONVERSION = YES;
				CLANG_WARN_OBJC_ROOT_CLASS = YES_ERROR;
				CLANG_WARN_QUOTED_INCLUDE_IN_FRAMEWORK_HEADER = YES;
				CLANG_WARN_RANGE_LOOP_ANALYSIS = YES;
				CLANG_WARN_STRICT_PROTOTYPES = YES;
				CLANG_WARN_SUSPICIOUS_MOVE = YES;
				CLANG_WARN_UNGUARDED_AVAILABILITY = YES_AGGRESSIVE;
				CLANG_WARN_UNREACHABLE_CODE = YES;
				CLANG_WARN__DUPLICATE_METHOD_MATCH = YES;
				COPY_PHASE_STRIP = NO;
				DEBUG_INFORMATION_FORMAT = dwarf;
				ENABLE_STRICT_OBJC_MSGSEND = YES;
				ENABLE_TESTABILITY = YES;
				GCC_C_LANGUAGE_STANDARD = gnu11;
				GCC_DYNAMIC_NO_PIC = NO;
				GCC_NO_COMMON_BLOCKS = YES;
				GCC_OPTIMIZATION_LEVEL = 0;
				GCC_PREPROCESSOR_DEFINITIONS = (
					"DEBUG=1",
					"$(inherited)",
				);
				GCC_WARN_64_TO_32_BIT_CONVERSION = YES;
				GCC_WARN_ABOUT_RETURN_TYPE = YES_ERROR;
				GCC_WARN_UNDECLARED_SELECTOR = YES;
				GCC_WARN_UNINITIALIZED_AUTOS = YES_AGGRESSIVE;
				GCC_WARN_UNUSED_FUNCTION = YES;
				GCC_WARN_UNUSED_VARIABLE = YES;
				IPHONEOS_DEPLOYMENT_TARGET = 15.5;
				MTL_ENABLE_DEBUG_INFO = INCLUDE_SOURCE;
				MTL_FAST_MATH = YES;
				ONLY_ACTIVE_ARCH = YES;
				SDKROOT = iphoneos;
				SWIFT_ACTIVE_COMPILATION_CONDITIONS = DEBUG;
				SWIFT_OPTIMIZATION_LEVEL = "-Onone";
			};
			name = Debug;
		};
		CF96247D285B0B8B00E577D4 /* Release */ = {
			isa = XCBuildConfiguration;
			buildSettings = {
				ALWAYS_SEARCH_USER_PATHS = NO;
				CLANG_ANALYZER_NONNULL = YES;
				CLANG_ANALYZER_NUMBER_OBJECT_CONVERSION = YES_AGGRESSIVE;
				CLANG_CXX_LANGUAGE_STANDARD = "gnu++17";
				CLANG_ENABLE_MODULES = YES;
				CLANG_ENABLE_OBJC_ARC = YES;
				CLANG_ENABLE_OBJC_WEAK = YES;
				CLANG_WARN_BLOCK_CAPTURE_AUTORELEASING = YES;
				CLANG_WARN_BOOL_CONVERSION = YES;
				CLANG_WARN_COMMA = YES;
				CLANG_WARN_CONSTANT_CONVERSION = YES;
				CLANG_WARN_DEPRECATED_OBJC_IMPLEMENTATIONS = YES;
				CLANG_WARN_DIRECT_OBJC_ISA_USAGE = YES_ERROR;
				CLANG_WARN_DOCUMENTATION_COMMENTS = YES;
				CLANG_WARN_EMPTY_BODY = YES;
				CLANG_WARN_ENUM_CONVERSION = YES;
				CLANG_WARN_INFINITE_RECURSION = YES;
				CLANG_WARN_INT_CONVERSION = YES;
				CLANG_WARN_NON_LITERAL_NULL_CONVERSION = YES;
				CLANG_WARN_OBJC_IMPLICIT_RETAIN_SELF = YES;
				CLANG_WARN_OBJC_LITERAL_CONVERSION = YES;
				CLANG_WARN_OBJC_ROOT_CLASS = YES_ERROR;
				CLANG_WARN_QUOTED_INCLUDE_IN_FRAMEWORK_HEADER = YES;
				CLANG_WARN_RANGE_LOOP_ANALYSIS = YES;
				CLANG_WARN_STRICT_PROTOTYPES = YES;
				CLANG_WARN_SUSPICIOUS_MOVE = YES;
				CLANG_WARN_UNGUARDED_AVAILABILITY = YES_AGGRESSIVE;
				CLANG_WARN_UNREACHABLE_CODE = YES;
				CLANG_WARN__DUPLICATE_METHOD_MATCH = YES;
				COPY_PHASE_STRIP = NO;
				DEBUG_INFORMATION_FORMAT = "dwarf-with-dsym";
				ENABLE_NS_ASSERTIONS = NO;
				ENABLE_STRICT_OBJC_MSGSEND = YES;
				GCC_C_LANGUAGE_STANDARD = gnu11;
				GCC_NO_COMMON_BLOCKS = YES;
				GCC_WARN_64_TO_32_BIT_CONVERSION = YES;
				GCC_WARN_ABOUT_RETURN_TYPE = YES_ERROR;
				GCC_WARN_UNDECLARED_SELECTOR = YES;
				GCC_WARN_UNINITIALIZED_AUTOS = YES_AGGRESSIVE;
				GCC_WARN_UNUSED_FUNCTION = YES;
				GCC_WARN_UNUSED_VARIABLE = YES;
				IPHONEOS_DEPLOYMENT_TARGET = 15.5;
				MTL_ENABLE_DEBUG_INFO = NO;
				MTL_FAST_MATH = YES;
				SDKROOT = iphoneos;
				SWIFT_COMPILATION_MODE = wholemodule;
				SWIFT_OPTIMIZATION_LEVEL = "-O";
				VALIDATE_PRODUCT = YES;
			};
			name = Release;
		};
		CF96247F285B0B8B00E577D4 /* Debug */ = {
			isa = XCBuildConfiguration;
			buildSettings = {
				ASSETCATALOG_COMPILER_APPICON_NAME = AppIcon;
				ASSETCATALOG_COMPILER_GLOBAL_ACCENT_COLOR_NAME = AccentColor;
				CODE_SIGN_STYLE = Automatic;
				CURRENT_PROJECT_VERSION = 1;
				DEVELOPMENT_TEAM = M7QY569K4A;
				GENERATE_INFOPLIST_FILE = YES;
				INFOPLIST_FILE = Musik/Info.plist;
				INFOPLIST_KEY_UIApplicationSupportsIndirectInputEvents = YES;
				INFOPLIST_KEY_UILaunchStoryboardName = LaunchScreen;
				INFOPLIST_KEY_UIMainStoryboardFile = Main;
				INFOPLIST_KEY_UISupportedInterfaceOrientations_iPad = "UIInterfaceOrientationPortrait UIInterfaceOrientationPortraitUpsideDown UIInterfaceOrientationLandscapeLeft UIInterfaceOrientationLandscapeRight";
				INFOPLIST_KEY_UISupportedInterfaceOrientations_iPhone = "UIInterfaceOrientationPortrait UIInterfaceOrientationLandscapeLeft UIInterfaceOrientationLandscapeRight";
				LD_RUNPATH_SEARCH_PATHS = (
					"$(inherited)",
					"@executable_path/Frameworks",
				);
				MARKETING_VERSION = 1.0;
				PRODUCT_BUNDLE_IDENTIFIER = com.practice.Musik;
				PRODUCT_NAME = "$(TARGET_NAME)";
				SWIFT_EMIT_LOC_STRINGS = YES;
				SWIFT_VERSION = 5.0;
				TARGETED_DEVICE_FAMILY = "1,2";
			};
			name = Debug;
		};
		CF962480285B0B8B00E577D4 /* Release */ = {
			isa = XCBuildConfiguration;
			buildSettings = {
				ASSETCATALOG_COMPILER_APPICON_NAME = AppIcon;
				ASSETCATALOG_COMPILER_GLOBAL_ACCENT_COLOR_NAME = AccentColor;
				CODE_SIGN_STYLE = Automatic;
				CURRENT_PROJECT_VERSION = 1;
				DEVELOPMENT_TEAM = M7QY569K4A;
				GENERATE_INFOPLIST_FILE = YES;
				INFOPLIST_FILE = Musik/Info.plist;
				INFOPLIST_KEY_UIApplicationSupportsIndirectInputEvents = YES;
				INFOPLIST_KEY_UILaunchStoryboardName = LaunchScreen;
				INFOPLIST_KEY_UIMainStoryboardFile = Main;
				INFOPLIST_KEY_UISupportedInterfaceOrientations_iPad = "UIInterfaceOrientationPortrait UIInterfaceOrientationPortraitUpsideDown UIInterfaceOrientationLandscapeLeft UIInterfaceOrientationLandscapeRight";
				INFOPLIST_KEY_UISupportedInterfaceOrientations_iPhone = "UIInterfaceOrientationPortrait UIInterfaceOrientationLandscapeLeft UIInterfaceOrientationLandscapeRight";
				LD_RUNPATH_SEARCH_PATHS = (
					"$(inherited)",
					"@executable_path/Frameworks",
				);
				MARKETING_VERSION = 1.0;
				PRODUCT_BUNDLE_IDENTIFIER = com.practice.Musik;
				PRODUCT_NAME = "$(TARGET_NAME)";
				SWIFT_EMIT_LOC_STRINGS = YES;
				SWIFT_VERSION = 5.0;
				TARGETED_DEVICE_FAMILY = "1,2";
			};
			name = Release;
		};
/* End XCBuildConfiguration section */

/* Begin XCConfigurationList section */
		CF962465285B0B8900E577D4 /* Build configuration list for PBXProject "Musik" */ = {
			isa = XCConfigurationList;
			buildConfigurations = (
				CF96247C285B0B8B00E577D4 /* Debug */,
				CF96247D285B0B8B00E577D4 /* Release */,
			);
			defaultConfigurationIsVisible = 0;
			defaultConfigurationName = Release;
		};
		CF96247E285B0B8B00E577D4 /* Build configuration list for PBXNativeTarget "Musik" */ = {
			isa = XCConfigurationList;
			buildConfigurations = (
				CF96247F285B0B8B00E577D4 /* Debug */,
				CF962480285B0B8B00E577D4 /* Release */,
			);
			defaultConfigurationIsVisible = 0;
			defaultConfigurationName = Release;
		};
/* End XCConfigurationList section */
	};
	rootObject = CF962462285B0B8900E577D4 /* Project object */;
}
